{
  "name": "trakshya-waf",
  "version": "2.1.0",
  "lockfileVersion": 3,
  "requires": true,
  "packages": {
    "": {
      "name": "trakshya-waf",
      "version": "2.1.0",
      "hasInstallScript": true,
      "license": "MIT",
      "bin": {
        "trakshya-cli": "bin/trakshya-cli.js",
        "trakshya-install": "bin/trakshya-install.js",
        "trakshya-waf": "bin/trakshya-waf.js"
      }
    }
  }
}
